// !$*UTF8*$!
{
	archiveVersion = 1;
	classes = {
	};
	objectVersion = 46;
	objects = {

/* Begin PBXBuildFile section */
		1F9426A1EDC3B4E89D09F84E /* Pods_RealmWriteTestApp.framework in Frameworks */ = {isa = PBXBuildFile; fileRef = 3FA8C53E54E137E5C9900CBF /* Pods_RealmWriteTestApp.framework */; };
		D6AC129C1DD259E300C1E33C /* AppDelegate.swift in Sources */ = {isa = PBXBuildFile; fileRef = D6AC129B1DD259E300C1E33C /* AppDelegate.swift */; };
		D6AC129E1DD259E300C1E33C /* ViewController.swift in Sources */ = {isa = PBXBuildFile; fileRef = D6AC129D1DD259E300C1E33C /* ViewController.swift */; };
		D6AC12A11DD259E300C1E33C /* Main.storyboard in Resources */ = {isa = PBXBuildFile; fileRef = D6AC129F1DD259E300C1E33C /* Main.storyboard */; };
		D6AC12A31DD259E300C1E33C /* Assets.xcassets in Resources */ = {isa = PBXBuildFile; fileRef = D6AC12A21DD259E300C1E33C /* Assets.xcassets */; };
		D6AC12A61DD259E300C1E33C /* LaunchScreen.storyboard in Resources */ = {isa = PBXBuildFile; fileRef = D6AC12A41DD259E300C1E33C /* LaunchScreen.storyboard */; };
/* End PBXBuildFile section */

/* Begin PBXFileReference section */
		3FA8C53E54E137E5C9900CBF /* Pods_RealmWriteTestApp.framework */ = {isa = PBXFileReference; explicitFileType = wrapper.framework; includeInIndex = 0; path = Pods_RealmWriteTestApp.framework; sourceTree = BUILT_PRODUCTS_DIR; };
		C59237E78BD25177FFC17E76 /* Pods-RealmWriteTestApp.debug.xcconfig */ = {isa = PBXFileReference; includeInIndex = 1; lastKnownFileType = text.xcconfig; name = "Pods-RealmWriteTestApp.debug.xcconfig"; path = "Pods/Target Support Files/Pods-RealmWriteTestApp/Pods-RealmWriteTestApp.debug.xcconfig"; sourceTree = "<group>"; };
		D6AC12981DD259E300C1E33C /* RealmWriteTestApp.app */ = {isa = PBXFileReference; explicitFileType = wrapper.application; includeInIndex = 0; path = RealmWriteTestApp.app; sourceTree = BUILT_PRODUCTS_DIR; };
		D6AC129B1DD259E300C1E33C /* AppDelegate.swift */ = {isa = PBXFileReference; lastKnownFileType = sourcecode.swift; path = AppDelegate.swift; sourceTree = "<group>"; };
		D6AC129D1DD259E300C1E33C /* ViewController.swift */ = {isa = PBXFileReference; lastKnownFileType = sourcecode.swift; path = ViewController.swift; sourceTree = "<group>"; };
		D6AC12A01DD259E300C1E33C /* Base */ = {isa = PBXFileReference; lastKnownFileType = file.storyboard; name = Base; path = Base.lproj/Main.storyboard; sourceTree = "<group>"; };
		D6AC12A21DD259E300C1E33C /* Assets.xcassets */ = {isa = PBXFileReference; lastKnownFileType = folder.assetcatalog; path = Assets.xcassets; sourceTree = "<group>"; };
		D6AC12A51DD259E300C1E33C /* Base */ = {isa = PBXFileReference; lastKnownFileType = file.storyboard; name = Base; path = Base.lproj/LaunchScreen.storyboard; sourceTree = "<group>"; };
		D6AC12A71DD259E300C1E33C /* Info.plist */ = {isa = PBXFileReference; lastKnownFileType = text.plist.xml; path = Info.plist; sourceTree = "<group>"; };
		E587FDAE73BC250FD720A90D /* Pods-RealmWriteTestApp.release.xcconfig */ = {isa = PBXFileReference; includeInIndex = 1; lastKnownFileType = text.xcconfig; name = "Pods-RealmWriteTestApp.release.xcconfig"; path = "Pods/Target Support Files/Pods-RealmWriteTestApp/Pods-RealmWriteTestApp.release.xcconfig"; sourceTree = "<group>"; };
/* End PBXFileReference section */

/* Begin PBXFrameworksBuildPhase section */
		D6AC12951DD259E300C1E33C /* Frameworks */ = {
			isa = PBXFrameworksBuildPhase;
			buildActionMask = 2147483647;
			files = (
				1F9426A1EDC3B4E89D09F84E /* Pods_RealmWriteTestApp.framework in Frameworks */,
			);
			runOnlyForDeploymentPostprocessing = 0;
		};
/* End PBXFrameworksBuildPhase section */

/* Begin PBXGroup section */
		82949ED8A4699AD3C05304F4 /* Frameworks */ = {
			isa = PBXGroup;
			children = (
				3FA8C53E54E137E5C9900CBF /* Pods_RealmWriteTestApp.framework */,
			);
			name = Frameworks;
			sourceTree = "<group>";
		};
		A1AB0FFBB7BEEED6E9C21F74 /* Pods */ = {
			isa = PBXGroup;
			children = (
				C59237E78BD25177FFC17E76 /* Pods-RealmWriteTestApp.debug.xcconfig */,
				E587FDAE73BC250FD720A90D /* Pods-RealmWriteTestApp.release.xcconfig */,
			);
			name = Pods;
			sourceTree = "<group>";
		};
		D6AC128F1DD259E300C1E33C = {
			isa = PBXGroup;
			children = (
				D6AC129A1DD259E300C1E33C /* RealmWriteTestApp */,
				D6AC12991DD259E300C1E33C /* Products */,
				A1AB0FFBB7BEEED6E9C21F74 /* Pods */,
				82949ED8A4699AD3C05304F4 /* Frameworks */,
			);
			sourceTree = "<group>";
		};
		D6AC12991DD259E300C1E33C /* Products */ = {
			isa = PBXGroup;
			children = (
				D6AC12981DD259E300C1E33C /* RealmWriteTestApp.app */,
			);
			name = Products;
			sourceTree = "<group>";
		};
		D6AC129A1DD259E300C1E33C /* RealmWriteTestApp */ = {
			isa = PBXGroup;
			children = (
				D6AC129B1DD259E300C1E33C /* AppDelegate.swift */,
				D6AC129D1DD259E300C1E33C /* ViewController.swift */,
				D6AC129F1DD259E300C1E33C /* Main.storyboard */,
				D6AC12A21DD259E300C1E33C /* Assets.xcassets */,
				D6AC12A41DD259E300C1E33C /* LaunchScreen.storyboard */,
				D6AC12A71DD259E300C1E33C /* Info.plist */,
			);
			path = RealmWriteTestApp;
			sourceTree = "<group>";
		};
/* End PBXGroup section */

/* Begin PBXNativeTarget section */
		D6AC12971DD259E300C1E33C /* RealmWriteTestApp */ = {
			isa = PBXNativeTarget;
			buildConfigurationList = D6AC12AA1DD259E300C1E33C /* Build configuration list for PBXNativeTarget "RealmWriteTestApp" */;
			buildPhases = (
				BA0D493AED5889F734292B87 /* [CP] Check Pods Manifest.lock */,
				D6AC12941DD259E300C1E33C /* Sources */,
				D6AC12951DD259E300C1E33C /* Frameworks */,
				D6AC12961DD259E300C1E33C /* Resources */,
				119457136FAF89FB938679EF /* [CP] Embed Pods Frameworks */,
				44C454A8B0AAC25E2AB07B47 /* [CP] Copy Pods Resources */,
			);
			buildRules = (
			);
			dependencies = (
			);
			name = RealmWriteTestApp;
			productName = RealmWriteTestApp;
			productReference = D6AC12981DD259E300C1E33C /* RealmWriteTestApp.app */;
			productType = "com.apple.product-type.application";
		};
/* End PBXNativeTarget section */

/* Begin PBXProject section */
		D6AC12901DD259E300C1E33C /* Project object */ = {
			isa = PBXProject;
			attributes = {
				LastSwiftUpdateCheck = 0810;
				LastUpgradeCheck = 0810;
				ORGANIZATIONNAME = "Paul Uhn";
				TargetAttributes = {
					D6AC12971DD259E300C1E33C = {
						CreatedOnToolsVersion = 8.1;
						ProvisioningStyle = Automatic;
					};
				};
			};
			buildConfigurationList = D6AC12931DD259E300C1E33C /* Build configuration list for PBXProject "RealmWriteTestApp" */;
			compatibilityVersion = "Xcode 3.2";
			developmentRegion = English;
			hasScannedForEncodings = 0;
			knownRegions = (
				en,
				Base,
			);
			mainGroup = D6AC128F1DD259E300C1E33C;
			productRefGroup = D6AC12991DD259E300C1E33C /* Products */;
			projectDirPath = "";
			projectRoot = "";
			targets = (
				D6AC12971DD259E300C1E33C /* RealmWriteTestApp */,
			);
		};
/* End PBXProject section */

/* Begin PBXResourcesBuildPhase section */
		D6AC12961DD259E300C1E33C /* Resources */ = {
			isa = PBXResourcesBuildPhase;
			buildActionMask = 2147483647;
			files = (
				D6AC12A61DD259E300C1E33C /* LaunchScreen.storyboard in Resources */,
				D6AC12A31DD259E300C1E33C /* Assets.xcassets in Resources */,
				D6AC12A11DD259E300C1E33C /* Main.storyboard in Resources */,
			);
			runOnlyForDeploymentPostprocessing = 0;
		};
/* End PBXResourcesBuildPhase section */

/* Begin PBXShellScriptBuildPhase section */
		119457136FAF89FB938679EF /* [CP] Embed Pods Frameworks */ = {
			isa = PBXShellScriptBuildPhase;
			buildActionMask = 2147483647;
			files = (
			);
			inputPaths = (
			);
			name = "[CP] Embed Pods Frameworks";
			outputPaths = (
			);
			runOnlyForDeploymentPostprocessing = 0;
			shellPath = /bin/sh;
			shellScript = "\"${SRCROOT}/Pods/Target Support Files/Pods-RealmWriteTestApp/Pods-RealmWriteTestApp-frameworks.sh\"\n";
			showEnvVarsInLog = 0;
		};
		44C454A8B0AAC25E2AB07B47 /* [CP] Copy Pods Resources */ = {
			isa = PBXShellScriptBuildPhase;
			buildActionMask = 2147483647;
			files = (
			);
			inputPaths = (
			);
			name = "[CP] Copy Pods Resources";
			outputPaths = (
			);
			runOnlyForDeploymentPostprocessing = 0;
			shellPath = /bin/sh;
			shellScript = "\"${SRCROOT}/Pods/Target Support Files/Pods-RealmWriteTestApp/Pods-RealmWriteTestApp-resources.sh\"\n";
			showEnvVarsInLog = 0;
		};
		BA0D493AED5889F734292B87 /* [CP] Check Pods Manifest.lock */ = {
			isa = PBXShellScriptBuildPhase;
			buildActionMask = 2147483647;
			files = (
			);
			inputPaths = (
			);
			name = "[CP] Check Pods Manifest.lock";
			outputPaths = (
			);
			runOnlyForDeploymentPostprocessing = 0;
			shellPath = /bin/sh;
			shellScript = "diff \"${PODS_ROOT}/../Podfile.lock\" \"${PODS_ROOT}/Manifest.lock\" > /dev/null\nif [ $? != 0 ] ; then\n    # print error to STDERR\n    echo \"error: The sandbox is not in sync with the Podfile.lock. Run 'pod install' or update your CocoaPods installation.\" >&2\n    exit 1\nfi\n";
			showEnvVarsInLog = 0;
		};
/* End PBXShellScriptBuildPhase section */

/* Begin PBXSourcesBuildPhase section */
		D6AC12941DD259E300C1E33C /* Sources */ = {
			isa = PBXSourcesBuildPhase;
			buildActionMask = 2147483647;
			files = (
				D6AC129E1DD259E300C1E33C /* ViewController.swift in Sources */,
				D6AC129C1DD259E300C1E33C /* AppDelegate.swift in Sources */,
			);
			runOnlyForDeploymentPostprocessing = 0;
		};
/* End PBXSourcesBuildPhase section */

/* Begin PBXVariantGroup section */
		D6AC129F1DD259E300C1E33C /* Main.storyboard */ = {
			isa = PBXVariantGroup;
			children = (
				D6AC12A01DD259E300C1E33C /* Base */,
			);
			name = Main.storyboard;
			sourceTree = "<group>";
		};
		D6AC12A41DD259E300C1E33C /* LaunchScreen.storyboard */ = {
			isa = PBXVariantGroup;
			children = (
				D6AC12A51DD259E300C1E33C /* Base */,
			);
			name = LaunchScreen.storyboard;
			sourceTree = "<group>";
		};
/* End PBXVariantGroup section */

/* Begin XCBuildConfiguration section */
		D6AC12A81DD259E300C1E33C /* Debug */ = {
			isa = XCBuildConfiguration;
			buildSettings = {
				ALWAYS_SEARCH_USER_PATHS = NO;
				CLANG_ANALYZER_NONNULL = YES;
				CLANG_CXX_LANGUAGE_STANDARD = "gnu++0x";
				CLANG_CXX_LIBRARY = "libc++";
				CLANG_ENABLE_MODULES = YES;
				CLANG_ENABLE_OBJC_ARC = YES;
				CLANG_WARN_BOOL_CONVERSION = YES;
				CLANG_WARN_CONSTANT_CONVERSION = YES;
				CLANG_WARN_DIRECT_OBJC_ISA_USAGE = YES_ERROR;
				CLANG_WARN_DOCUMENTATION_COMMENTS = YES;
				CLANG_WARN_EMPTY_BODY = YES;
				CLANG_WARN_ENUM_CONVERSION = YES;
				CLANG_WARN_INFINITE_RECURSION = YES;
				CLANG_WARN_INT_CONVERSION = YES;
				CLANG_WARN_OBJC_ROOT_CLASS = YES_ERROR;
				CLANG_WARN_SUSPICIOUS_MOVES = YES;
				CLANG_WARN_UNREACHABLE_CODE = YES;
				CLANG_WARN__DUPLICATE_METHOD_MATCH = YES;
				"CODE_SIGN_IDENTITY[sdk=iphoneos*]" = "iPhone Developer";
				COPY_PHASE_STRIP = NO;
				DEBUG_INFORMATION_FORMAT = dwarf;
				ENABLE_STRICT_OBJC_MSGSEND = YES;
				ENABLE_TESTABILITY = YES;
				GCC_C_LANGUAGE_STANDARD = gnu99;
				GCC_DYNAMIC_NO_PIC = NO;
				GCC_NO_COMMON_BLOCKS = YES;
				GCC_OPTIMIZATION_LEVEL = 0;
				GCC_PREPROCESSOR_DEFINITIONS = (
					"DEBUG=1",
					"$(inherited)",
				);
				GCC_WARN_64_TO_32_BIT_CONVERSION = YES;
				GCC_WARN_ABOUT_RETURN_TYPE = YES_ERROR;
				GCC_WARN_UNDECLARED_SELECTOR = YES;
				GCC_WARN_UNINITIALIZED_AUTOS = YES_AGGRESSIVE;
				GCC_WARN_UNUSED_FUNCTION = YES;
				GCC_WARN_UNUSED_VARIABLE = YES;
				IPHONEOS_DEPLOYMENT_TARGET = 10.1;
				MTL_ENABLE_DEBUG_INFO = YES;
				ONLY_ACTIVE_ARCH = YES;
				SDKROOT = iphoneos;
				SWIFT_ACTIVE_COMPILATION_CONDITIONS = DEBUG;
				SWIFT_OPTIMIZATION_LEVEL = "-Onone";
				TARGETED_DEVICE_FAMILY = "1,2";
			};
			name = Debug;
		};
		D6AC12A91DD259E300C1E33C /* Release */ = {
			isa = XCBuildConfiguration;
			buildSettings = {
				ALWAYS_SEARCH_USER_PATHS = NO;
				CLANG_ANALYZER_NONNULL = YES;
				CLANG_CXX_LANGUAGE_STANDARD = "gnu++0x";
				CLANG_CXX_LIBRARY = "libc++";
				CLANG_ENABLE_MODULES = YES;
				CLANG_ENABLE_OBJC_ARC = YES;
				CLANG_WARN_BOOL_CONVERSION = YES;
				CLANG_WARN_CONSTANT_CONVERSION = YES;
				CLANG_WARN_DIRECT_OBJC_ISA_USAGE = YES_ERROR;
				CLANG_WARN_DOCUMENTATION_COMMENTS = YES;
				CLANG_WARN_EMPTY_BODY = YES;
				CLANG_WARN_ENUM_CONVERSION = YES;
				CLANG_WARN_INFINITE_RECURSION = YES;
				CLANG_WARN_INT_CONVERSION = YES;
				CLANG_WARN_OBJC_ROOT_CLASS = YES_ERROR;
				CLANG_WARN_SUSPICIOUS_MOVES = YES;
				CLANG_WARN_UNREACHABLE_CODE = YES;
				CLANG_WARN__DUPLICATE_METHOD_MATCH = YES;
				"CODE_SIGN_IDENTITY[sdk=iphoneos*]" = "iPhone Developer";
				COPY_PHASE_STRIP = NO;
				DEBUG_INFORMATION_FORMAT = "dwarf-with-dsym";
				ENABLE_NS_ASSERTIONS = NO;
				ENABLE_STRICT_OBJC_MSGSEND = YES;
				GCC_C_LANGUAGE_STANDARD = gnu99;
				GCC_NO_COMMON_BLOCKS = YES;
				GCC_WARN_64_TO_32_BIT_CONVERSION = YES;
				GCC_WARN_ABOUT_RETURN_TYPE = YES_ERROR;
				GCC_WARN_UNDECLARED_SELECTOR = YES;
				GCC_WARN_UNINITIALIZED_AUTOS = YES_AGGRESSIVE;
				GCC_WARN_UNUSED_FUNCTION = YES;
				GCC_WARN_UNUSED_VARIABLE = YES;
				IPHONEOS_DEPLOYMENT_TARGET = 10.1;
				MTL_ENABLE_DEBUG_INFO = NO;
				SDKROOT = iphoneos;
				SWIFT_OPTIMIZATION_LEVEL = "-Owholemodule";
				TARGETED_DEVICE_FAMILY = "1,2";
				VALIDATE_PRODUCT = YES;
			};
			name = Release;
		};
		D6AC12AB1DD259E300C1E33C /* Debug */ = {
			isa = XCBuildConfiguration;
			baseConfigurationReference = C59237E78BD25177FFC17E76 /* Pods-RealmWriteTestApp.debug.xcconfig */;
			buildSettings = {
				ASSETCATALOG_COMPILER_APPICON_NAME = AppIcon;
				INFOPLIST_FILE = RealmWriteTestApp/Info.plist;
				LD_RUNPATH_SEARCH_PATHS = "$(inherited) @executable_path/Frameworks";
				PRODUCT_BUNDLE_IDENTIFIER = edu.self.RealmWriteTestApp;
				PRODUCT_NAME = "$(TARGET_NAME)";
				SWIFT_VERSION = 3.0;
			};
			name = Debug;
		};
		D6AC12AC1DD259E300C1E33C /* Release */ = {
			isa = XCBuildConfiguration;
			baseConfigurationReference = E587FDAE73BC250FD720A90D /* Pods-RealmWriteTestApp.release.xcconfig */;
			buildSettings = {
				ASSETCATALOG_COMPILER_APPICON_NAME = AppIcon;
				INFOPLIST_FILE = RealmWriteTestApp/Info.plist;
				LD_RUNPATH_SEARCH_PATHS = "$(inherited) @executable_path/Frameworks";
				PRODUCT_BUNDLE_IDENTIFIER = edu.self.RealmWriteTestApp;
				PRODUCT_NAME = "$(TARGET_NAME)";
				SWIFT_VERSION = 3.0;
			};
			name = Release;
		};
/* End XCBuildConfiguration section */

/* Begin XCConfigurationList section */
		D6AC12931DD259E300C1E33C /* Build configuration list for PBXProject "RealmWriteTestApp" */ = {
			isa = XCConfigurationList;
			buildConfigurations = (
				D6AC12A81DD259E300C1E33C /* Debug */,
				D6AC12A91DD259E300C1E33C /* Release */,
			);
			defaultConfigurationIsVisible = 0;
			defaultConfigurationName = Release;
		};
		D6AC12AA1DD259E300C1E33C /* Build configuration list for PBXNativeTarget "RealmWriteTestApp" */ = {
			isa = XCConfigurationList;
			buildConfigurations = (
				D6AC12AB1DD259E300C1E33C /* Debug */,
				D6AC12AC1DD259E300C1E33C /* Release */,
			);
			defaultConfigurationIsVisible = 0;
			defaultConfigurationName = Release;
		};
/* End XCConfigurationList section */
	};
	rootObject = D6AC12901DD259E300C1E33C /* Project object */;
}
